
Microsoft Visual Studio Solution File, Format Version 12.00
# Visual Studio 15
VisualStudioVersion = 15.0.27004.2005
MinimumVisualStudioVersion = 10.0.40219.1
Project("{FAE04EC0-301F-11D3-BF4B-00C04F79EFBC}") = "Ovidos.WebHooks.Facebook", "Ovidos.WebHooks.Facebook\Ovidos.WebHooks.Facebook.csproj", "{C4FB58DA-4D91-44E6-A7B0-B79DE27BC6B9}"
EndProject
Project("{FAE04EC0-301F-11D3-BF4B-00C04F79EFBC}") = "Ovidos.WebHooks.Twitter", "Ovidos.WebHooks.Twitter\Ovidos.WebHooks.Twitter.csproj", "{105F5CAA-19A7-46E1-AD05-617C68B3A09C}"
EndProject
Global
	GlobalSection(SolutionConfigurationPlatforms) = preSolution
		Debug|Any CPU = Debug|Any CPU
		Release|Any CPU = Release|Any CPU
	EndGlobalSection
	GlobalSection(ProjectConfigurationPlatforms) = postSolution
		{C4FB58DA-4D91-44E6-A7B0-B79DE27BC6B9}.Debug|Any CPU.ActiveCfg = Debug|Any CPU
		{C4FB58DA-4D91-44E6-A7B0-B79DE27BC6B9}.Debug|Any CPU.Build.0 = Debug|Any CPU
		{C4FB58DA-4D91-44E6-A7B0-B79DE27BC6B9}.Release|Any CPU.ActiveCfg = Release|Any CPU
		{C4FB58DA-4D91-44E6-A7B0-B79DE27BC6B9}.Release|Any CPU.Build.0 = Release|Any CPU
		{105F5CAA-19A7-46E1-AD05-617C68B3A09C}.Debug|Any CPU.ActiveCfg = Debug|Any CPU
		{105F5CAA-19A7-46E1-AD05-617C68B3A09C}.Debug|Any CPU.Build.0 = Debug|Any CPU
		{105F5CAA-19A7-46E1-AD05-617C68B3A09C}.Release|Any CPU.ActiveCfg = Release|Any CPU
		{105F5CAA-19A7-46E1-AD05-617C68B3A09C}.Release|Any CPU.Build.0 = Release|Any CPU
	EndGlobalSection
	GlobalSection(SolutionProperties) = preSolution
		HideSolutionNode = FALSE
	EndGlobalSection
	GlobalSection(ExtensibilityGlobals) = postSolution
		SolutionGuid = {FE33AF83-2188-4287-BD36-577C4271660B}
	EndGlobalSection
EndGlobal
